
Microsoft Visual Studio Solution File, Format Version 12.00
# Visual Studio Version 16
VisualStudioVersion = 16.0.31624.102
MinimumVisualStudioVersion = 10.0.40219.1
Project("{FAE04EC0-301F-11D3-BF4B-00C04F79EFBC}") = "InsAndOuts.UWP", "InsAndOuts\InsAndOuts.UWP\InsAndOuts.UWP.csproj", "{B6DD00F3-E3AE-4D97-BE81-9140BD8FD375}"
EndProject
Project("{FAE04EC0-301F-11D3-BF4B-00C04F79EFBC}") = "InsAndOuts.Android", "InsAndOuts\InsAndOuts.Android\InsAndOuts.Android.csproj", "{736C3248-77CE-49DA-94C9-06152A7B4B0E}"
EndProject
Project("{FAE04EC0-301F-11D3-BF4B-00C04F79EFBC}") = "InsAndOuts.iOS", "InsAndOuts\InsAndOuts.iOS\InsAndOuts.iOS.csproj", "{F3E0FF94-713D-41DB-B2D3-3C0148703213}"
EndProject
Project("{9A19103F-16F7-4668-BE54-9A1E7A4F7556}") = "InsAndOuts", "InsAndOuts\InsAndOuts\InsAndOuts.csproj", "{3220AA86-A12E-4841-9D7C-815758406E6E}"
EndProject
Project("{FAE04EC0-301F-11D3-BF4B-00C04F79EFBC}") = "IsAndOsTests", "IsAndOsTests\IsAndOsTests.csproj", "{3F307148-A069-42E3-999C-6DBC1D1A8A6D}"
EndProject
Project("{2150E333-8FDC-42A3-9474-1A3956D46DE8}") = "Solution Items", "Solution Items", "{D3618009-6421-4CD9-A7C5-19EB0C786A54}"
	ProjectSection(SolutionItems) = preProject
		.editorconfig = .editorconfig
	EndProjectSection
EndProject
Global
	GlobalSection(SolutionConfigurationPlatforms) = preSolution
		Debug|Any CPU = Debug|Any CPU
		Debug|ARM = Debug|ARM
		Debug|iPhone = Debug|iPhone
		Debug|iPhoneSimulator = Debug|iPhoneSimulator
		Debug|x64 = Debug|x64
		Debug|x86 = Debug|x86
		Release|Any CPU = Release|Any CPU
		Release|ARM = Release|ARM
		Release|iPhone = Release|iPhone
		Release|iPhoneSimulator = Release|iPhoneSimulator
		Release|x64 = Release|x64
		Release|x86 = Release|x86
	EndGlobalSection
	GlobalSection(ProjectConfigurationPlatforms) = postSolution
		{B6DD00F3-E3AE-4D97-BE81-9140BD8FD375}.Debug|Any CPU.ActiveCfg = Debug|x86
		{B6DD00F3-E3AE-4D97-BE81-9140BD8FD375}.Debug|Any CPU.Build.0 = Debug|x86
		{B6DD00F3-E3AE-4D97-BE81-9140BD8FD375}.Debug|Any CPU.Deploy.0 = Debug|x86
		{B6DD00F3-E3AE-4D97-BE81-9140BD8FD375}.Debug|ARM.ActiveCfg = Debug|ARM
		{B6DD00F3-E3AE-4D97-BE81-9140BD8FD375}.Debug|ARM.Build.0 = Debug|ARM
		{B6DD00F3-E3AE-4D97-BE81-9140BD8FD375}.Debug|ARM.Deploy.0 = Debug|ARM
		{B6DD00F3-E3AE-4D97-BE81-9140BD8FD375}.Debug|iPhone.ActiveCfg = Debug|x86
		{B6DD00F3-E3AE-4D97-BE81-9140BD8FD375}.Debug|iPhone.Build.0 = Debug|x86
		{B6DD00F3-E3AE-4D97-BE81-9140BD8FD375}.Debug|iPhone.Deploy.0 = Debug|x86
		{B6DD00F3-E3AE-4D97-BE81-9140BD8FD375}.Debug|iPhoneSimulator.ActiveCfg = Debug|x86
		{B6DD00F3-E3AE-4D97-BE81-9140BD8FD375}.Debug|iPhoneSimulator.Build.0 = Debug|x86
		{B6DD00F3-E3AE-4D97-BE81-9140BD8FD375}.Debug|iPhoneSimulator.Deploy.0 = Debug|x86
		{B6DD00F3-E3AE-4D97-BE81-9140BD8FD375}.Debug|x64.ActiveCfg = Debug|x64
		{B6DD00F3-E3AE-4D97-BE81-9140BD8FD375}.Debug|x64.Build.0 = Debug|x64
		{B6DD00F3-E3AE-4D97-BE81-9140BD8FD375}.Debug|x64.Deploy.0 = Debug|x64
		{B6DD00F3-E3AE-4D97-BE81-9140BD8FD375}.Debug|x86.ActiveCfg = Debug|x86
		{B6DD00F3-E3AE-4D97-BE81-9140BD8FD375}.Debug|x86.Build.0 = Debug|x86
		{B6DD00F3-E3AE-4D97-BE81-9140BD8FD375}.Debug|x86.Deploy.0 = Debug|x86
		{B6DD00F3-E3AE-4D97-BE81-9140BD8FD375}.Release|Any CPU.ActiveCfg = Release|x86
		{B6DD00F3-E3AE-4D97-BE81-9140BD8FD375}.Release|Any CPU.Build.0 = Release|x86
		{B6DD00F3-E3AE-4D97-BE81-9140BD8FD375}.Release|Any CPU.Deploy.0 = Release|x86
		{B6DD00F3-E3AE-4D97-BE81-9140BD8FD375}.Release|ARM.ActiveCfg = Release|ARM
		{B6DD00F3-E3AE-4D97-BE81-9140BD8FD375}.Release|ARM.Build.0 = Release|ARM
		{B6DD00F3-E3AE-4D97-BE81-9140BD8FD375}.Release|ARM.Deploy.0 = Release|ARM
		{B6DD00F3-E3AE-4D97-BE81-9140BD8FD375}.Release|iPhone.ActiveCfg = Release|x86
		{B6DD00F3-E3AE-4D97-BE81-9140BD8FD375}.Release|iPhone.Build.0 = Release|x86
		{B6DD00F3-E3AE-4D97-BE81-9140BD8FD375}.Release|iPhone.Deploy.0 = Release|x86
		{B6DD00F3-E3AE-4D97-BE81-9140BD8FD375}.Release|iPhoneSimulator.ActiveCfg = Release|x86
		{B6DD00F3-E3AE-4D97-BE81-9140BD8FD375}.Release|iPhoneSimulator.Build.0 = Release|x86
		{B6DD00F3-E3AE-4D97-BE81-9140BD8FD375}.Release|iPhoneSimulator.Deploy.0 = Release|x86
		{B6DD00F3-E3AE-4D97-BE81-9140BD8FD375}.Release|x64.ActiveCfg = Release|x64
		{B6DD00F3-E3AE-4D97-BE81-9140BD8FD375}.Release|x64.Build.0 = Release|x64
		{B6DD00F3-E3AE-4D97-BE81-9140BD8FD375}.Release|x64.Deploy.0 = Release|x64
		{B6DD00F3-E3AE-4D97-BE81-9140BD8FD375}.Release|x86.ActiveCfg = Release|x86
		{B6DD00F3-E3AE-4D97-BE81-9140BD8FD375}.Release|x86.Build.0 = Release|x86
		{B6DD00F3-E3AE-4D97-BE81-9140BD8FD375}.Release|x86.Deploy.0 = Release|x86
		{736C3248-77CE-49DA-94C9-06152A7B4B0E}.Debug|Any CPU.ActiveCfg = Debug|Any CPU
		{736C3248-77CE-49DA-94C9-06152A7B4B0E}.Debug|Any CPU.Build.0 = Debug|Any CPU
		{736C3248-77CE-49DA-94C9-06152A7B4B0E}.Debug|Any CPU.Deploy.0 = Debug|Any CPU
		{736C3248-77CE-49DA-94C9-06152A7B4B0E}.Debug|ARM.ActiveCfg = Debug|Any CPU
		{736C3248-77CE-49DA-94C9-06152A7B4B0E}.Debug|ARM.Build.0 = Debug|Any CPU
		{736C3248-77CE-49DA-94C9-06152A7B4B0E}.Debug|ARM.Deploy.0 = Debug|Any CPU
		{736C3248-77CE-49DA-94C9-06152A7B4B0E}.Debug|iPhone.ActiveCfg = Debug|Any CPU
		{736C3248-77CE-49DA-94C9-06152A7B4B0E}.Debug|iPhone.Build.0 = Debug|Any CPU
		{736C3248-77CE-49DA-94C9-06152A7B4B0E}.Debug|iPhone.Deploy.0 = Debug|Any CPU
		{736C3248-77CE-49DA-94C9-06152A7B4B0E}.Debug|iPhoneSimulator.ActiveCfg = Debug|Any CPU
		{736C3248-77CE-49DA-94C9-06152A7B4B0E}.Debug|iPhoneSimulator.Build.0 = Debug|Any CPU
		{736C3248-77CE-49DA-94C9-06152A7B4B0E}.Debug|iPhoneSimulator.Deploy.0 = Debug|Any CPU
		{736C3248-77CE-49DA-94C9-06152A7B4B0E}.Debug|x64.ActiveCfg = Debug|Any CPU
		{736C3248-77CE-49DA-94C9-06152A7B4B0E}.Debug|x64.Build.0 = Debug|Any CPU
		{736C3248-77CE-49DA-94C9-06152A7B4B0E}.Debug|x64.Deploy.0 = Debug|Any CPU
		{736C3248-77CE-49DA-94C9-06152A7B4B0E}.Debug|x86.ActiveCfg = Debug|Any CPU
		{736C3248-77CE-49DA-94C9-06152A7B4B0E}.Debug|x86.Build.0 = Debug|Any CPU
		{736C3248-77CE-49DA-94C9-06152A7B4B0E}.Debug|x86.Deploy.0 = Debug|Any CPU
		{736C3248-77CE-49DA-94C9-06152A7B4B0E}.Release|Any CPU.ActiveCfg = Release|Any CPU
		{736C3248-77CE-49DA-94C9-06152A7B4B0E}.Release|Any CPU.Build.0 = Release|Any CPU
		{736C3248-77CE-49DA-94C9-06152A7B4B0E}.Release|Any CPU.Deploy.0 = Release|Any CPU
		{736C3248-77CE-49DA-94C9-06152A7B4B0E}.Release|ARM.ActiveCfg = Release|Any CPU
		{736C3248-77CE-49DA-94C9-06152A7B4B0E}.Release|ARM.Build.0 = Release|Any CPU
		{736C3248-77CE-49DA-94C9-06152A7B4B0E}.Release|ARM.Deploy.0 = Release|Any CPU
		{736C3248-77CE-49DA-94C9-06152A7B4B0E}.Release|iPhone.ActiveCfg = Release|Any CPU
		{736C3248-77CE-49DA-94C9-06152A7B4B0E}.Release|iPhone.Build.0 = Release|Any CPU
		{736C3248-77CE-49DA-94C9-06152A7B4B0E}.Release|iPhone.Deploy.0 = Release|Any CPU
		{736C3248-77CE-49DA-94C9-06152A7B4B0E}.Release|iPhoneSimulator.ActiveCfg = Release|Any CPU
		{736C3248-77CE-49DA-94C9-06152A7B4B0E}.Release|iPhoneSimulator.Build.0 = Release|Any CPU
		{736C3248-77CE-49DA-94C9-06152A7B4B0E}.Release|iPhoneSimulator.Deploy.0 = Release|Any CPU
		{736C3248-77CE-49DA-94C9-06152A7B4B0E}.Release|x64.ActiveCfg = Release|Any CPU
		{736C3248-77CE-49DA-94C9-06152A7B4B0E}.Release|x64.Build.0 = Release|Any CPU
		{736C3248-77CE-49DA-94C9-06152A7B4B0E}.Release|x64.Deploy.0 = Release|Any CPU
		{736C3248-77CE-49DA-94C9-06152A7B4B0E}.Release|x86.ActiveCfg = Release|Any CPU
		{736C3248-77CE-49DA-94C9-06152A7B4B0E}.Release|x86.Build.0 = Release|Any CPU
		{736C3248-77CE-49DA-94C9-06152A7B4B0E}.Release|x86.Deploy.0 = Release|Any CPU
		{F3E0FF94-713D-41DB-B2D3-3C0148703213}.Debug|Any CPU.ActiveCfg = Debug|iPhoneSimulator
		{F3E0FF94-713D-41DB-B2D3-3C0148703213}.Debug|Any CPU.Build.0 = Debug|iPhoneSimulator
		{F3E0FF94-713D-41DB-B2D3-3C0148703213}.Debug|Any CPU.Deploy.0 = Debug|iPhoneSimulator
		{F3E0FF94-713D-41DB-B2D3-3C0148703213}.Debug|ARM.ActiveCfg = Debug|iPhone
		{F3E0FF94-713D-41DB-B2D3-3C0148703213}.Debug|ARM.Build.0 = Debug|iPhone
		{F3E0FF94-713D-41DB-B2D3-3C0148703213}.Debug|ARM.Deploy.0 = Debug|iPhone
		{F3E0FF94-713D-41DB-B2D3-3C0148703213}.Debug|iPhone.ActiveCfg = Debug|iPhone
		{F3E0FF94-713D-41DB-B2D3-3C0148703213}.Debug|iPhone.Build.0 = Debug|iPhone
		{F3E0FF94-713D-41DB-B2D3-3C0148703213}.Debug|iPhone.Deploy.0 = Debug|iPhone
		{F3E0FF94-713D-41DB-B2D3-3C0148703213}.Debug|iPhoneSimulator.ActiveCfg = Debug|iPhoneSimulator
		{F3E0FF94-713D-41DB-B2D3-3C0148703213}.Debug|iPhoneSimulator.Build.0 = Debug|iPhoneSimulator
		{F3E0FF94-713D-41DB-B2D3-3C0148703213}.Debug|iPhoneSimulator.Deploy.0 = Debug|iPhoneSimulator
		{F3E0FF94-713D-41DB-B2D3-3C0148703213}.Debug|x64.ActiveCfg = Debug|iPhoneSimulator
		{F3E0FF94-713D-41DB-B2D3-3C0148703213}.Debug|x64.Build.0 = Debug|iPhoneSimulator
		{F3E0FF94-713D-41DB-B2D3-3C0148703213}.Debug|x64.Deploy.0 = Debug|iPhoneSimulator
		{F3E0FF94-713D-41DB-B2D3-3C0148703213}.Debug|x86.ActiveCfg = Debug|iPhoneSimulator
		{F3E0FF94-713D-41DB-B2D3-3C0148703213}.Debug|x86.Build.0 = Debug|iPhoneSimulator
		{F3E0FF94-713D-41DB-B2D3-3C0148703213}.Debug|x86.Deploy.0 = Debug|iPhoneSimulator
		{F3E0FF94-713D-41DB-B2D3-3C0148703213}.Release|Any CPU.ActiveCfg = Release|iPhoneSimulator
		{F3E0FF94-713D-41DB-B2D3-3C0148703213}.Release|Any CPU.Build.0 = Release|iPhoneSimulator
		{F3E0FF94-713D-41DB-B2D3-3C0148703213}.Release|Any CPU.Deploy.0 = Release|iPhoneSimulator
		{F3E0FF94-713D-41DB-B2D3-3C0148703213}.Release|ARM.ActiveCfg = Release|iPhoneSimulator
		{F3E0FF94-713D-41DB-B2D3-3C0148703213}.Release|ARM.Build.0 = Release|iPhoneSimulator
		{F3E0FF94-713D-41DB-B2D3-3C0148703213}.Release|ARM.Deploy.0 = Release|iPhoneSimulator
		{F3E0FF94-713D-41DB-B2D3-3C0148703213}.Release|iPhone.ActiveCfg = Release|iPhone
		{F3E0FF94-713D-41DB-B2D3-3C0148703213}.Release|iPhone.Build.0 = Release|iPhone
		{F3E0FF94-713D-41DB-B2D3-3C0148703213}.Release|iPhone.Deploy.0 = Release|iPhone
		{F3E0FF94-713D-41DB-B2D3-3C0148703213}.Release|iPhoneSimulator.ActiveCfg = Release|iPhoneSimulator
		{F3E0FF94-713D-41DB-B2D3-3C0148703213}.Release|iPhoneSimulator.Build.0 = Release|iPhoneSimulator
		{F3E0FF94-713D-41DB-B2D3-3C0148703213}.Release|iPhoneSimulator.Deploy.0 = Release|iPhoneSimulator
		{F3E0FF94-713D-41DB-B2D3-3C0148703213}.Release|x64.ActiveCfg = Release|iPhoneSimulator
		{F3E0FF94-713D-41DB-B2D3-3C0148703213}.Release|x64.Build.0 = Release|iPhoneSimulator
		{F3E0FF94-713D-41DB-B2D3-3C0148703213}.Release|x64.Deploy.0 = Release|iPhoneSimulator
		{F3E0FF94-713D-41DB-B2D3-3C0148703213}.Release|x86.ActiveCfg = Release|iPhoneSimulator
		{F3E0FF94-713D-41DB-B2D3-3C0148703213}.Release|x86.Build.0 = Release|iPhoneSimulator
		{F3E0FF94-713D-41DB-B2D3-3C0148703213}.Release|x86.Deploy.0 = Release|iPhoneSimulator
		{3220AA86-A12E-4841-9D7C-815758406E6E}.Debug|Any CPU.ActiveCfg = Debug|Any CPU
		{3220AA86-A12E-4841-9D7C-815758406E6E}.Debug|Any CPU.Build.0 = Debug|Any CPU
		{3220AA86-A12E-4841-9D7C-815758406E6E}.Debug|Any CPU.Deploy.0 = Debug|Any CPU
		{3220AA86-A12E-4841-9D7C-815758406E6E}.Debug|ARM.ActiveCfg = Debug|Any CPU
		{3220AA86-A12E-4841-9D7C-815758406E6E}.Debug|ARM.Build.0 = Debug|Any CPU
		{3220AA86-A12E-4841-9D7C-815758406E6E}.Debug|ARM.Deploy.0 = Debug|Any CPU
		{3220AA86-A12E-4841-9D7C-815758406E6E}.Debug|iPhone.ActiveCfg = Debug|Any CPU
		{3220AA86-A12E-4841-9D7C-815758406E6E}.Debug|iPhone.Build.0 = Debug|Any CPU
		{3220AA86-A12E-4841-9D7C-815758406E6E}.Debug|iPhone.Deploy.0 = Debug|Any CPU
		{3220AA86-A12E-4841-9D7C-815758406E6E}.Debug|iPhoneSimulator.ActiveCfg = Debug|Any CPU
		{3220AA86-A12E-4841-9D7C-815758406E6E}.Debug|iPhoneSimulator.Build.0 = Debug|Any CPU
		{3220AA86-A12E-4841-9D7C-815758406E6E}.Debug|iPhoneSimulator.Deploy.0 = Debug|Any CPU
		{3220AA86-A12E-4841-9D7C-815758406E6E}.Debug|x64.ActiveCfg = Debug|Any CPU
		{3220AA86-A12E-4841-9D7C-815758406E6E}.Debug|x64.Build.0 = Debug|Any CPU
		{3220AA86-A12E-4841-9D7C-815758406E6E}.Debug|x64.Deploy.0 = Debug|Any CPU
		{3220AA86-A12E-4841-9D7C-815758406E6E}.Debug|x86.ActiveCfg = Debug|Any CPU
		{3220AA86-A12E-4841-9D7C-815758406E6E}.Debug|x86.Build.0 = Debug|Any CPU
		{3220AA86-A12E-4841-9D7C-815758406E6E}.Debug|x86.Deploy.0 = Debug|Any CPU
		{3220AA86-A12E-4841-9D7C-815758406E6E}.Release|Any CPU.ActiveCfg = Release|Any CPU
		{3220AA86-A12E-4841-9D7C-815758406E6E}.Release|Any CPU.Build.0 = Release|Any CPU
		{3220AA86-A12E-4841-9D7C-815758406E6E}.Release|Any CPU.Deploy.0 = Release|Any CPU
		{3220AA86-A12E-4841-9D7C-815758406E6E}.Release|ARM.ActiveCfg = Release|Any CPU
		{3220AA86-A12E-4841-9D7C-815758406E6E}.Release|ARM.Build.0 = Release|Any CPU
		{3220AA86-A12E-4841-9D7C-815758406E6E}.Release|ARM.Deploy.0 = Release|Any CPU
		{3220AA86-A12E-4841-9D7C-815758406E6E}.Release|iPhone.ActiveCfg = Release|Any CPU
		{3220AA86-A12E-4841-9D7C-815758406E6E}.Release|iPhone.Build.0 = Release|Any CPU
		{3220AA86-A12E-4841-9D7C-815758406E6E}.Release|iPhone.Deploy.0 = Release|Any CPU
		{3220AA86-A12E-4841-9D7C-815758406E6E}.Release|iPhoneSimulator.ActiveCfg = Release|Any CPU
		{3220AA86-A12E-4841-9D7C-815758406E6E}.Release|iPhoneSimulator.Build.0 = Release|Any CPU
		{3220AA86-A12E-4841-9D7C-815758406E6E}.Release|iPhoneSimulator.Deploy.0 = Release|Any CPU
		{3220AA86-A12E-4841-9D7C-815758406E6E}.Release|x64.ActiveCfg = Release|Any CPU
		{3220AA86-A12E-4841-9D7C-815758406E6E}.Release|x64.Build.0 = Release|Any CPU
		{3220AA86-A12E-4841-9D7C-815758406E6E}.Release|x64.Deploy.0 = Release|Any CPU
		{3220AA86-A12E-4841-9D7C-815758406E6E}.Release|x86.ActiveCfg = Release|Any CPU
		{3220AA86-A12E-4841-9D7C-815758406E6E}.Release|x86.Build.0 = Release|Any CPU
		{3220AA86-A12E-4841-9D7C-815758406E6E}.Release|x86.Deploy.0 = Release|Any CPU
		{3F307148-A069-42E3-999C-6DBC1D1A8A6D}.Debug|Any CPU.ActiveCfg = Debug|Any CPU
		{3F307148-A069-42E3-999C-6DBC1D1A8A6D}.Debug|Any CPU.Build.0 = Debug|Any CPU
		{3F307148-A069-42E3-999C-6DBC1D1A8A6D}.Debug|ARM.ActiveCfg = Debug|Any CPU
		{3F307148-A069-42E3-999C-6DBC1D1A8A6D}.Debug|ARM.Build.0 = Debug|Any CPU
		{3F307148-A069-42E3-999C-6DBC1D1A8A6D}.Debug|iPhone.ActiveCfg = Debug|Any CPU
		{3F307148-A069-42E3-999C-6DBC1D1A8A6D}.Debug|iPhone.Build.0 = Debug|Any CPU
		{3F307148-A069-42E3-999C-6DBC1D1A8A6D}.Debug|iPhoneSimulator.ActiveCfg = Debug|Any CPU
		{3F307148-A069-42E3-999C-6DBC1D1A8A6D}.Debug|iPhoneSimulator.Build.0 = Debug|Any CPU
		{3F307148-A069-42E3-999C-6DBC1D1A8A6D}.Debug|x64.ActiveCfg = Debug|Any CPU
		{3F307148-A069-42E3-999C-6DBC1D1A8A6D}.Debug|x64.Build.0 = Debug|Any CPU
		{3F307148-A069-42E3-999C-6DBC1D1A8A6D}.Debug|x86.ActiveCfg = Debug|Any CPU
		{3F307148-A069-42E3-999C-6DBC1D1A8A6D}.Debug|x86.Build.0 = Debug|Any CPU
		{3F307148-A069-42E3-999C-6DBC1D1A8A6D}.Release|Any CPU.ActiveCfg = Release|Any CPU
		{3F307148-A069-42E3-999C-6DBC1D1A8A6D}.Release|Any CPU.Build.0 = Release|Any CPU
		{3F307148-A069-42E3-999C-6DBC1D1A8A6D}.Release|ARM.ActiveCfg = Release|Any CPU
		{3F307148-A069-42E3-999C-6DBC1D1A8A6D}.Release|ARM.Build.0 = Release|Any CPU
		{3F307148-A069-42E3-999C-6DBC1D1A8A6D}.Release|iPhone.ActiveCfg = Release|Any CPU
		{3F307148-A069-42E3-999C-6DBC1D1A8A6D}.Release|iPhone.Build.0 = Release|Any CPU
		{3F307148-A069-42E3-999C-6DBC1D1A8A6D}.Release|iPhoneSimulator.ActiveCfg = Release|Any CPU
		{3F307148-A069-42E3-999C-6DBC1D1A8A6D}.Release|iPhoneSimulator.Build.0 = Release|Any CPU
		{3F307148-A069-42E3-999C-6DBC1D1A8A6D}.Release|x64.ActiveCfg = Release|Any CPU
		{3F307148-A069-42E3-999C-6DBC1D1A8A6D}.Release|x64.Build.0 = Release|Any CPU
		{3F307148-A069-42E3-999C-6DBC1D1A8A6D}.Release|x86.ActiveCfg = Release|Any CPU
		{3F307148-A069-42E3-999C-6DBC1D1A8A6D}.Release|x86.Build.0 = Release|Any CPU
	EndGlobalSection
	GlobalSection(SolutionProperties) = preSolution
		HideSolutionNode = FALSE
	EndGlobalSection
	GlobalSection(ExtensibilityGlobals) = postSolution
		SolutionGuid = {7F8B0AEB-42CA-4CBB-A737-B0013387F691}
	EndGlobalSection
EndGlobal
